Microsoft Visual Studio Solution File, Format Version 12.00
# Visual Studio Version 17
VisualStudioVersion = 17.5.2.0
MinimumVisualStudioVersion = 10.0.40219.1
Project("{FAE04EC0-301F-11D3-BF4B-00C04F79EFBC}") = "SharpMinded", "SharpMinded.csproj", "{78E0C89D-5541-ED8C-26A5-51604ACD00A4}"
EndProject
Global
	GlobalSection(SolutionConfigurationPlatforms) = preSolution
		Debug|Any CPU = Debug|Any CPU
		Release|Any CPU = Release|Any CPU
	EndGlobalSection
	GlobalSection(ProjectConfigurationPlatforms) = postSolution
		{78E0C89D-5541-ED8C-26A5-51604ACD00A4}.Debug|Any CPU.ActiveCfg = Debug|Any CPU
		{78E0C89D-5541-ED8C-26A5-51604ACD00A4}.Debug|Any CPU.Build.0 = Debug|Any CPU
		{78E0C89D-5541-ED8C-26A5-51604ACD00A4}.Release|Any CPU.ActiveCfg = Release|Any CPU
		{78E0C89D-5541-ED8C-26A5-51604ACD00A4}.Release|Any CPU.Build.0 = Release|Any CPU
	EndGlobalSection
	GlobalSection(SolutionProperties) = preSolution
		HideSolutionNode = FALSE
	EndGlobalSection
	GlobalSection(ExtensibilityGlobals) = postSolution
		SolutionGuid = {082F425A-E4AE-4DA3-AA47-A467C1ABBB5C}
	EndGlobalSection
EndGlobal
