
Microsoft Visual Studio Solution File, Format Version 12.00
# Visual Studio Version 17
VisualStudioVersion = 17.5.2.0
MinimumVisualStudioVersion = 10.0.40219.1
Project("{FAE04EC0-301F-11D3-BF4B-00C04F79EFBC}") = "SharpMinded", "SharpMinded.csproj", "{78E0C89D-5541-ED8C-26A5-51604ACD00A4}"
EndProject
Project("{FAE04EC0-301F-11D3-BF4B-00C04F79EFBC}") = "SharpMinded.Tests", "SharpMinded.Tests\SharpMinded.Tests.csproj", "{AC70D19F-D52C-49C0-8D78-0948479DB6FF}"
EndProject
Global
	GlobalSection(SolutionConfigurationPlatforms) = preSolution
		Debug|Any CPU = Debug|Any CPU
		Debug|x64 = Debug|x64
		Debug|x86 = Debug|x86
		Release|Any CPU = Release|Any CPU
		Release|x64 = Release|x64
		Release|x86 = Release|x86
	EndGlobalSection
	GlobalSection(ProjectConfigurationPlatforms) = postSolution
		{78E0C89D-5541-ED8C-26A5-51604ACD00A4}.Debug|Any CPU.ActiveCfg = Debug|Any CPU
		{78E0C89D-5541-ED8C-26A5-51604ACD00A4}.Debug|Any CPU.Build.0 = Debug|Any CPU
		{78E0C89D-5541-ED8C-26A5-51604ACD00A4}.Debug|x64.ActiveCfg = Debug|Any CPU
		{78E0C89D-5541-ED8C-26A5-51604ACD00A4}.Debug|x64.Build.0 = Debug|Any CPU
		{78E0C89D-5541-ED8C-26A5-51604ACD00A4}.Debug|x86.ActiveCfg = Debug|Any CPU
		{78E0C89D-5541-ED8C-26A5-51604ACD00A4}.Debug|x86.Build.0 = Debug|Any CPU
		{78E0C89D-5541-ED8C-26A5-51604ACD00A4}.Release|Any CPU.ActiveCfg = Release|Any CPU
		{78E0C89D-5541-ED8C-26A5-51604ACD00A4}.Release|Any CPU.Build.0 = Release|Any CPU
		{78E0C89D-5541-ED8C-26A5-51604ACD00A4}.Release|x64.ActiveCfg = Release|Any CPU
		{78E0C89D-5541-ED8C-26A5-51604ACD00A4}.Release|x64.Build.0 = Release|Any CPU
		{78E0C89D-5541-ED8C-26A5-51604ACD00A4}.Release|x86.ActiveCfg = Release|Any CPU
		{78E0C89D-5541-ED8C-26A5-51604ACD00A4}.Release|x86.Build.0 = Release|Any CPU
		{AC70D19F-D52C-49C0-8D78-0948479DB6FF}.Debug|Any CPU.ActiveCfg = Debug|Any CPU
		{AC70D19F-D52C-49C0-8D78-0948479DB6FF}.Debug|Any CPU.Build.0 = Debug|Any CPU
		{AC70D19F-D52C-49C0-8D78-0948479DB6FF}.Debug|x64.ActiveCfg = Debug|Any CPU
		{AC70D19F-D52C-49C0-8D78-0948479DB6FF}.Debug|x64.Build.0 = Debug|Any CPU
		{AC70D19F-D52C-49C0-8D78-0948479DB6FF}.Debug|x86.ActiveCfg = Debug|Any CPU
		{AC70D19F-D52C-49C0-8D78-0948479DB6FF}.Debug|x86.Build.0 = Debug|Any CPU
		{AC70D19F-D52C-49C0-8D78-0948479DB6FF}.Release|Any CPU.ActiveCfg = Release|Any CPU
		{AC70D19F-D52C-49C0-8D78-0948479DB6FF}.Release|Any CPU.Build.0 = Release|Any CPU
		{AC70D19F-D52C-49C0-8D78-0948479DB6FF}.Release|x64.ActiveCfg = Release|Any CPU
		{AC70D19F-D52C-49C0-8D78-0948479DB6FF}.Release|x64.Build.0 = Release|Any CPU
		{AC70D19F-D52C-49C0-8D78-0948479DB6FF}.Release|x86.ActiveCfg = Release|Any CPU
		{AC70D19F-D52C-49C0-8D78-0948479DB6FF}.Release|x86.Build.0 = Release|Any CPU
	EndGlobalSection
	GlobalSection(SolutionProperties) = preSolution
		HideSolutionNode = FALSE
	EndGlobalSection
	GlobalSection(ExtensibilityGlobals) = postSolution
		SolutionGuid = {082F425A-E4AE-4DA3-AA47-A467C1ABBB5C}
	EndGlobalSection
EndGlobal
